
Microsoft Visual Studio Solution File, Format Version 12.00
# Visual Studio Version 16
VisualStudioVersion = 16.0.31105.61
MinimumVisualStudioVersion = 10.0.40219.1
Project("{9A19103F-16F7-4668-BE54-9A1E7A4F7556}") = "AutoKeyApp.Console", "AutoKeyApp.Console\AutoKeyApp.Console.csproj", "{BE20A72D-4C20-4D1A-8676-0EE40D2CDDCD}"
EndProject
Project("{FAE04EC0-301F-11D3-BF4B-00C04F79EFBC}") = "AutoKeyApp.Wpf", "AutoKeyApp.Wpf\AutoKeyApp.Wpf.csproj", "{ABDFA1A0-7C92-48F4-8FF0-4AEED198D27A}"
EndProject
Global
	GlobalSection(SolutionConfigurationPlatforms) = preSolution
		Debug|Any CPU = Debug|Any CPU
		Release|Any CPU = Release|Any CPU
	EndGlobalSection
	GlobalSection(ProjectConfigurationPlatforms) = postSolution
		{BE20A72D-4C20-4D1A-8676-0EE40D2CDDCD}.Debug|Any CPU.ActiveCfg = Debug|Any CPU
		{BE20A72D-4C20-4D1A-8676-0EE40D2CDDCD}.Debug|Any CPU.Build.0 = Debug|Any CPU
		{BE20A72D-4C20-4D1A-8676-0EE40D2CDDCD}.Release|Any CPU.ActiveCfg = Release|Any CPU
		{BE20A72D-4C20-4D1A-8676-0EE40D2CDDCD}.Release|Any CPU.Build.0 = Release|Any CPU
		{ABDFA1A0-7C92-48F4-8FF0-4AEED198D27A}.Debug|Any CPU.ActiveCfg = Debug|Any CPU
		{ABDFA1A0-7C92-48F4-8FF0-4AEED198D27A}.Debug|Any CPU.Build.0 = Debug|Any CPU
		{ABDFA1A0-7C92-48F4-8FF0-4AEED198D27A}.Release|Any CPU.ActiveCfg = Release|Any CPU
		{ABDFA1A0-7C92-48F4-8FF0-4AEED198D27A}.Release|Any CPU.Build.0 = Release|Any CPU
	EndGlobalSection
	GlobalSection(SolutionProperties) = preSolution
		HideSolutionNode = FALSE
	EndGlobalSection
	GlobalSection(ExtensibilityGlobals) = postSolution
		SolutionGuid = {84904C06-C651-4BFA-B1AC-C0539DDD7577}
	EndGlobalSection
EndGlobal
